// !$*UTF8*$!
{
	archiveVersion = 1;
	classes = {
	};
	objectVersion = 77;
	objects = {

/* Begin PBXBuildFile section */
		2FABFA442FAE297200A66D55 /* MagicUi in Frameworks */ = {isa = PBXBuildFile; productRef = 2FABFA432FAE297200A66D55 /* MagicUi */; };
/* End PBXBuildFile section */

/* Begin PBXContainerItemProxy section */
		2FABFA142FAE284600A66D55 /* PBXContainerItemProxy */ = {
			isa = PBXContainerItemProxy;
			containerPortal = 2FABF9FE2FAE284400A66D55 /* Project object */;
			proxyType = 1;
			remoteGlobalIDString = 2FABFA052FAE284400A66D55;
			remoteInfo = BoardingPassScanner2;
		};
		2FABFA1E2FAE284600A66D55 /* PBXContainerItemProxy */ = {
			isa = PBXContainerItemProxy;
			containerPortal = 2FABF9FE2FAE284400A66D55 /* Project object */;
			proxyType = 1;
			remoteGlobalIDString = 2FABFA052FAE284400A66D55;
			remoteInfo = BoardingPassScanner2;
		};
/* End PBXContainerItemProxy section */

/* Begin PBXFileReference section */
		2FABFA062FAE284400A66D55 /* BoardingPassScanner2.app */ = {isa = PBXFileReference; explicitFileType = wrapper.application; includeInIndex = 0; path = BoardingPassScanner2.app; sourceTree = BUILT_PRODUCTS_DIR; };
		2FABFA132FAE284600A66D55 /* BoardingPassScanner2Tests.xctest */ = {isa = PBXFileReference; explicitFileType = wrapper.cfbundle; includeInIndex = 0; path = BoardingPassScanner2Tests.xctest; sourceTree = BUILT_PRODUCTS_DIR; };
		2FABFA1D2FAE284600A66D55 /* BoardingPassScanner2UITests.xctest */ = {isa = PBXFileReference; explicitFileType = wrapper.cfbundle; includeInIndex = 0; path = BoardingPassScanner2UITests.xctest; sourceTree = BUILT_PRODUCTS_DIR; };
		2FF9A8B12FB205FA0087BE24 /* README.md */ = {isa = PBXFileReference; lastKnownFileType = sourcecode.swift; path = README.md; sourceTree = "<group>"; };
/* End PBXFileReference section */

/* Begin PBXFileSystemSynchronizedBuildFileExceptionSet section */
		2FC674A82FBCD9D80060548C /* Exceptions for "BoardingPassScanner2" folder in "BoardingPassScanner2" target */ = {
			isa = PBXFileSystemSynchronizedBuildFileExceptionSet;
			membershipExceptions = (
				Info.plist,
			);
			target = 2FABFA052FAE284400A66D55 /* BoardingPassScanner2 */;
		};
/* End PBXFileSystemSynchronizedBuildFileExceptionSet section */

/* Begin PBXFileSystemSynchronizedRootGroup section */
		2FABFA082FAE284400A66D55 /* BoardingPassScanner2 */ = {
			isa = PBXFileSystemSynchronizedRootGroup;
			exceptions = (
				2FC674A82FBCD9D80060548C /* Exceptions for "BoardingPassScanner2" folder in "BoardingPassScanner2" target */,
			);
			path = BoardingPassScanner2;
			sourceTree = "<group>";
		};
		2FABFA162FAE284600A66D55 /* BoardingPassScanner2Tests */ = {
			isa = PBXFileSystemSynchronizedRootGroup;
			path = BoardingPassScanner2Tests;
			sourceTree = "<group>";
		};
		2FABFA202FAE284600A66D55 /* BoardingPassScanner2UITests */ = {
			isa = PBXFileSystemSynchronizedRootGroup;
			path = BoardingPassScanner2UITests;
			sourceTree = "<group>";
		};
/* End PBXFileSystemSynchronizedRootGroup section */

/* Begin PBXFrameworksBuildPhase section */
		2FABFA032FAE284400A66D55 /* Frameworks */ = {
			isa = PBXFrameworksBuildPhase;
			buildActionMask = 2147483647;
			files = (
				2FABFA442FAE297200A66D55 /* MagicUi in Frameworks */,
			);
			runOnlyForDeploymentPostprocessing = 0;
		};
		2FABFA102FAE284600A66D55 /* Frameworks */ = {
			isa = PBXFrameworksBuildPhase;
			buildActionMask = 2147483647;
			files = (
			);
			runOnlyForDeploymentPostprocessing = 0;
		};
		2FABFA1A2FAE284600A66D55 /* Frameworks */ = {
			isa = PBXFrameworksBuildPhase;
			buildActionMask = 2147483647;
			files = (
			);
			runOnlyForDeploymentPostprocessing = 0;
		};
/* End PBXFrameworksBuildPhase section */

/* Begin PBXGroup section */
		2FABF9FD2FAE284400A66D55 = {
			isa = PBXGroup;
			children = (
				2FF9A8B12FB205FA0087BE24 /* README.md */,
				2FABFA082FAE284400A66D55 /* BoardingPassScanner2 */,
				2FABFA162FAE284600A66D55 /* BoardingPassScanner2Tests */,
				2FABFA202FAE284600A66D55 /* BoardingPassScanner2UITests */,
				2FABFA072FAE284400A66D55 /* Products */,
			);
			sourceTree = "<group>";
		};
		2FABFA072FAE284400A66D55 /* Products */ = {
			isa = PBXGroup;
			children = (
				2FABFA062FAE284400A66D55 /* BoardingPassScanner2.app */,
				2FABFA132FAE284600A66D55 /* BoardingPassScanner2Tests.xctest */,
				2FABFA1D2FAE284600A66D55 /* BoardingPassScanner2UITests.xctest */,
			);
			name = Products;
			sourceTree = "<group>";
		};
/* End PBXGroup section */

/* Begin PBXNativeTarget section */
		2FABFA052FAE284400A66D55 /* BoardingPassScanner2 */ = {
			isa = PBXNativeTarget;
			buildConfigurationList = 2FABFA272FAE284600A66D55 /* Build configuration list for PBXNativeTarget "BoardingPassScanner2" */;
			buildPhases = (
				2FABFA022FAE284400A66D55 /* Sources */,
				2FABFA032FAE284400A66D55 /* Frameworks */,
				2FABFA042FAE284400A66D55 /* Resources */,
			);
			buildRules = (
			);
			dependencies = (
			);
			fileSystemSynchronizedGroups = (
				2FABFA082FAE284400A66D55 /* BoardingPassScanner2 */,
			);
			name = BoardingPassScanner2;
			packageProductDependencies = (
				2FABFA432FAE297200A66D55 /* MagicUi */,
			);
			productName = BoardingPassScanner2;
			productReference = 2FABFA062FAE284400A66D55 /* BoardingPassScanner2.app */;
			productType = "com.apple.product-type.application";
		};
		2FABFA122FAE284600A66D55 /* BoardingPassScanner2Tests */ = {
			isa = PBXNativeTarget;
			buildConfigurationList = 2FABFA2A2FAE284600A66D55 /* Build configuration list for PBXNativeTarget "BoardingPassScanner2Tests" */;
			buildPhases = (
				2FABFA0F2FAE284600A66D55 /* Sources */,
				2FABFA102FAE284600A66D55 /* Frameworks */,
				2FABFA112FAE284600A66D55 /* Resources */,
			);
			buildRules = (
			);
			dependencies = (
				2FABFA152FAE284600A66D55 /* PBXTargetDependency */,
			);
			fileSystemSynchronizedGroups = (
				2FABFA162FAE284600A66D55 /* BoardingPassScanner2Tests */,
			);
			name = BoardingPassScanner2Tests;
			packageProductDependencies = (
			);
			productName = BoardingPassScanner2Tests;
			productReference = 2FABFA132FAE284600A66D55 /* BoardingPassScanner2Tests.xctest */;
			productType = "com.apple.product-type.bundle.unit-test";
		};
		2FABFA1C2FAE284600A66D55 /* BoardingPassScanner2UITests */ = {
			isa = PBXNativeTarget;
			buildConfigurationList = 2FABFA2D2FAE284600A66D55 /* Build configuration list for PBXNativeTarget "BoardingPassScanner2UITests" */;
			buildPhases = (
				2FABFA192FAE284600A66D55 /* Sources */,
				2FABFA1A2FAE284600A66D55 /* Frameworks */,
				2FABFA1B2FAE284600A66D55 /* Resources */,
			);
			buildRules = (
			);
			dependencies = (
				2FABFA1F2FAE284600A66D55 /* PBXTargetDependency */,
			);
			fileSystemSynchronizedGroups = (
				2FABFA202FAE284600A66D55 /* BoardingPassScanner2UITests */,
			);
			name = BoardingPassScanner2UITests;
			packageProductDependencies = (
			);
			productName = BoardingPassScanner2UITests;
			productReference = 2FABFA1D2FAE284600A66D55 /* BoardingPassScanner2UITests.xctest */;
			productType = "com.apple.product-type.bundle.ui-testing";
		};
/* End PBXNativeTarget section */

/* Begin PBXProject section */
		2FABF9FE2FAE284400A66D55 /* Project object */ = {
			isa = PBXProject;
			attributes = {
				BuildIndependentTargetsInParallel = 1;
				LastSwiftUpdateCheck = 2640;
				LastUpgradeCheck = 2650;
				TargetAttributes = {
					2FABFA052FAE284400A66D55 = {
						CreatedOnToolsVersion = 26.4.1;
					};
					2FABFA122FAE284600A66D55 = {
						CreatedOnToolsVersion = 26.4.1;
						TestTargetID = 2FABFA052FAE284400A66D55;
					};
					2FABFA1C2FAE284600A66D55 = {
						CreatedOnToolsVersion = 26.4.1;
						TestTargetID = 2FABFA052FAE284400A66D55;
					};
				};
			};
			buildConfigurationList = 2FABFA012FAE284400A66D55 /* Build configuration list for PBXProject "BoardingPassScanner2" */;
			developmentRegion = en;
			hasScannedForEncodings = 0;
			knownRegions = (
				en,
				Base,
				sk,
			);
			mainGroup = 2FABF9FD2FAE284400A66D55;
			minimizedProjectReferenceProxies = 1;
			packageReferences = (
				2FABFA422FAE297200A66D55 /* XCRemoteSwiftPackageReference "magicui-framework-beta" */,
			);
			preferredProjectObjectVersion = 77;
			productRefGroup = 2FABFA072FAE284400A66D55 /* Products */;
			projectDirPath = "";
			projectRoot = "";
			targets = (
				2FABFA052FAE284400A66D55 /* BoardingPassScanner2 */,
				2FABFA122FAE284600A66D55 /* BoardingPassScanner2Tests */,
				2FABFA1C2FAE284600A66D55 /* BoardingPassScanner2UITests */,
			);
		};
/* End PBXProject section */

/* Begin PBXResourcesBuildPhase section */
		2FABFA042FAE284400A66D55 /* Resources */ = {
			isa = PBXResourcesBuildPhase;
			buildActionMask = 2147483647;
			files = (
			);
			runOnlyForDeploymentPostprocessing = 0;
		};
		2FABFA112FAE284600A66D55 /* Resources */ = {
			isa = PBXResourcesBuildPhase;
			buildActionMask = 2147483647;
			files = (
			);
			runOnlyForDeploymentPostprocessing = 0;
		};
		2FABFA1B2FAE284600A66D55 /* Resources */ = {
			isa = PBXResourcesBuildPhase;
			buildActionMask = 2147483647;
			files = (
			);
			runOnlyForDeploymentPostprocessing = 0;
		};
/* End PBXResourcesBuildPhase section */

/* Begin PBXSourcesBuildPhase section */
		2FABFA022FAE284400A66D55 /* Sources */ = {
			isa = PBXSourcesBuildPhase;
			buildActionMask = 2147483647;
			files = (
			);
			runOnlyForDeploymentPostprocessing = 0;
		};
		2FABFA0F2FAE284600A66D55 /* Sources */ = {
			isa = PBXSourcesBuildPhase;
			buildActionMask = 2147483647;
			files = (
			);
			runOnlyForDeploymentPostprocessing = 0;
		};
		2FABFA192FAE284600A66D55 /* Sources */ = {
			isa = PBXSourcesBuildPhase;
			buildActionMask = 2147483647;
			files = (
			);
			runOnlyForDeploymentPostprocessing = 0;
		};
/* End PBXSourcesBuildPhase section */

/* Begin PBXTargetDependency section */
		2FABFA152FAE284600A66D55 /* PBXTargetDependency */ = {
			isa = PBXTargetDependency;
			target = 2FABFA052FAE284400A66D55 /* BoardingPassScanner2 */;
			targetProxy = 2FABFA142FAE284600A66D55 /* PBXContainerItemProxy */;
		};
		2FABFA1F2FAE284600A66D55 /* PBXTargetDependency */ = {
			isa = PBXTargetDependency;
			target = 2FABFA052FAE284400A66D55 /* BoardingPassScanner2 */;
			targetProxy = 2FABFA1E2FAE284600A66D55 /* PBXContainerItemProxy */;
		};
/* End PBXTargetDependency section */

/* Begin XCBuildConfiguration section */
		2FABFA252FAE284600A66D55 /* Debug */ = {
			isa = XCBuildConfiguration;
			buildSettings = {
				ALWAYS_SEARCH_USER_PATHS = NO;
				ASSETCATALOG_COMPILER_GENERATE_SWIFT_ASSET_SYMBOL_EXTENSIONS = YES;
				CLANG_ANALYZER_NONNULL = YES;
				CLANG_ANALYZER_NUMBER_OBJECT_CONVERSION = YES_AGGRESSIVE;
				CLANG_CXX_LANGUAGE_STANDARD = "gnu++20";
				CLANG_ENABLE_MODULES = YES;
				CLANG_ENABLE_OBJC_ARC = YES;
				CLANG_ENABLE_OBJC_WEAK = YES;
				CLANG_WARN_BLOCK_CAPTURE_AUTORELEASING = YES;
				CLANG_WARN_BOOL_CONVERSION = YES;
				CLANG_WARN_COMMA = YES;
				CLANG_WARN_CONSTANT_CONVERSION = YES;
				CLANG_WARN_DEPRECATED_OBJC_IMPLEMENTATIONS = YES;
				CLANG_WARN_DIRECT_OBJC_ISA_USAGE = YES_ERROR;
				CLANG_WARN_DOCUMENTATION_COMMENTS = YES;
				CLANG_WARN_EMPTY_BODY = YES;
				CLANG_WARN_ENUM_CONVERSION = YES;
				CLANG_WARN_INFINITE_RECURSION = YES;
				CLANG_WARN_INT_CONVERSION = YES;
				CLANG_WARN_NON_LITERAL_NULL_CONVERSION = YES;
				CLANG_WARN_OBJC_IMPLICIT_RETAIN_SELF = YES;
				CLANG_WARN_OBJC_LITERAL_CONVERSION = YES;
				CLANG_WARN_OBJC_ROOT_CLASS = YES_ERROR;
				CLANG_WARN_QUOTED_INCLUDE_IN_FRAMEWORK_HEADER = YES;
				CLANG_WARN_RANGE_LOOP_ANALYSIS = YES;
				CLANG_WARN_STRICT_PROTOTYPES = YES;
				CLANG_WARN_SUSPICIOUS_MOVE = YES;
				CLANG_WARN_UNGUARDED_AVAILABILITY = YES_AGGRESSIVE;
				CLANG_WARN_UNREACHABLE_CODE = YES;
				CLANG_WARN__DUPLICATE_METHOD_MATCH = YES;
				COPY_PHASE_STRIP = NO;
				DEBUG_INFORMATION_FORMAT = dwarf;
				DEVELOPMENT_TEAM = X47885HM53;
				ENABLE_STRICT_OBJC_MSGSEND = YES;
				ENABLE_TESTABILITY = YES;
				ENABLE_USER_SCRIPT_SANDBOXING = YES;
				GCC_C_LANGUAGE_STANDARD = gnu17;
				GCC_DYNAMIC_NO_PIC = NO;
				GCC_NO_COMMON_BLOCKS = YES;
				GCC_OPTIMIZATION_LEVEL = 0;
				GCC_PREPROCESSOR_DEFINITIONS = (
					"DEBUG=1",
					"$(inherited)",
				);
				GCC_WARN_64_TO_32_BIT_CONVERSION = YES;
				GCC_WARN_ABOUT_RETURN_TYPE = YES_ERROR;
				GCC_WARN_UNDECLARED_SELECTOR = YES;
				GCC_WARN_UNINITIALIZED_AUTOS = YES_AGGRESSIVE;
				GCC_WARN_UNUSED_FUNCTION = YES;
				GCC_WARN_UNUSED_VARIABLE = YES;
				IPHONEOS_DEPLOYMENT_TARGET = 26.4;
				LOCALIZATION_PREFERS_STRING_CATALOGS = YES;
				MTL_ENABLE_DEBUG_INFO = INCLUDE_SOURCE;
				MTL_FAST_MATH = YES;
				ONLY_ACTIVE_ARCH = YES;
				SDKROOT = iphoneos;
				STRING_CATALOG_GENERATE_SYMBOLS = YES;
				SWIFT_ACTIVE_COMPILATION_CONDITIONS = "DEBUG $(inherited)";
				SWIFT_EMIT_LOC_STRINGS = YES;
				SWIFT_OPTIMIZATION_LEVEL = "-Onone";
			};
			name = Debug;
		};
		2FABFA262FAE284600A66D55 /* Release */ = {
			isa = XCBuildConfiguration;
			buildSettings = {
				ALWAYS_SEARCH_USER_PATHS = NO;
				ASSETCATALOG_COMPILER_GENERATE_SWIFT_ASSET_SYMBOL_EXTENSIONS = YES;
				CLANG_ANALYZER_NONNULL = YES;
				CLANG_ANALYZER_NUMBER_OBJECT_CONVERSION = YES_AGGRESSIVE;
				CLANG_CXX_LANGUAGE_STANDARD = "gnu++20";
				CLANG_ENABLE_MODULES = YES;
				CLANG_ENABLE_OBJC_ARC = YES;
				CLANG_ENABLE_OBJC_WEAK = YES;
				CLANG_WARN_BLOCK_CAPTURE_AUTORELEASING = YES;
				CLANG_WARN_BOOL_CONVERSION = YES;
				CLANG_WARN_COMMA = YES;
				CLANG_WARN_CONSTANT_CONVERSION = YES;
				CLANG_WARN_DEPRECATED_OBJC_IMPLEMENTATIONS = YES;
				CLANG_WARN_DIRECT_OBJC_ISA_USAGE = YES_ERROR;
				CLANG_WARN_DOCUMENTATION_COMMENTS = YES;
				CLANG_WARN_EMPTY_BODY = YES;
				CLANG_WARN_ENUM_CONVERSION = YES;
				CLANG_WARN_INFINITE_RECURSION = YES;
				CLANG_WARN_INT_CONVERSION = YES;
				CLANG_WARN_NON_LITERAL_NULL_CONVERSION = YES;
				CLANG_WARN_OBJC_IMPLICIT_RETAIN_SELF = YES;
				CLANG_WARN_OBJC_LITERAL_CONVERSION = YES;
				CLANG_WARN_OBJC_ROOT_CLASS = YES_ERROR;
				CLANG_WARN_QUOTED_INCLUDE_IN_FRAMEWORK_HEADER = YES;
				CLANG_WARN_RANGE_LOOP_ANALYSIS = YES;
				CLANG_WARN_STRICT_PROTOTYPES = YES;
				CLANG_WARN_SUSPICIOUS_MOVE = YES;
				CLANG_WARN_UNGUARDED_AVAILABILITY = YES_AGGRESSIVE;
				CLANG_WARN_UNREACHABLE_CODE = YES;
				CLANG_WARN__DUPLICATE_METHOD_MATCH = YES;
				COPY_PHASE_STRIP = NO;
				DEBUG_INFORMATION_FORMAT = "dwarf-with-dsym";
				DEVELOPMENT_TEAM = X47885HM53;
				ENABLE_NS_ASSERTIONS = NO;
				ENABLE_STRICT_OBJC_MSGSEND = YES;
				ENABLE_USER_SCRIPT_SANDBOXING = YES;
				GCC_C_LANGUAGE_STANDARD = gnu17;
				GCC_NO_COMMON_BLOCKS = YES;
				GCC_WARN_64_TO_32_BIT_CONVERSION = YES;
				GCC_WARN_ABOUT_RETURN_TYPE = YES_ERROR;
				GCC_WARN_UNDECLARED_SELECTOR = YES;
				GCC_WARN_UNINITIALIZED_AUTOS = YES_AGGRESSIVE;
				GCC_WARN_UNUSED_FUNCTION = YES;
				GCC_WARN_UNUSED_VARIABLE = YES;
				IPHONEOS_DEPLOYMENT_TARGET = 26.4;
				LOCALIZATION_PREFERS_STRING_CATALOGS = YES;
				MTL_ENABLE_DEBUG_INFO = NO;
				MTL_FAST_MATH = YES;
				SDKROOT = iphoneos;
				STRING_CATALOG_GENERATE_SYMBOLS = YES;
				SWIFT_COMPILATION_MODE = wholemodule;
				SWIFT_EMIT_LOC_STRINGS = YES;
				VALIDATE_PRODUCT = YES;
			};
			name = Release;
		};
		2FABFA282FAE284600A66D55 /* Debug */ = {
			isa = XCBuildConfiguration;
			buildSettings = {
				ASSETCATALOG_COMPILER_APPICON_NAME = AppIcon;
				ASSETCATALOG_COMPILER_GLOBAL_ACCENT_COLOR_NAME = AccentColor;
				CODE_SIGN_ENTITLEMENTS = BoardingPassScanner2/BoardingPassScanner2.entitlements;
				CODE_SIGN_STYLE = Automatic;
				CURRENT_PROJECT_VERSION = 1;
				DEVELOPMENT_TEAM = X47885HM53;
				ENABLE_PREVIEWS = YES;
				GENERATE_INFOPLIST_FILE = YES;
				INFOPLIST_FILE = BoardingPassScanner2/Info.plist;
				INFOPLIST_KEY_ITSAppUsesNonExemptEncryption = NO;
				INFOPLIST_KEY_NSCameraUsageDescription = "This app needs camera access to scan boarding passes.";
				INFOPLIST_KEY_UIApplicationSceneManifest_Generation = YES;
				INFOPLIST_KEY_UIApplicationSupportsIndirectInputEvents = YES;
				INFOPLIST_KEY_UILaunchScreen_Generation = YES;
				INFOPLIST_KEY_UISupportedInterfaceOrientations = UIInterfaceOrientationPortrait;
				INFOPLIST_KEY_UISupportedInterfaceOrientations_iPad = "UIInterfaceOrientationLandscapeLeft UIInterfaceOrientationLandscapeRight UIInterfaceOrientationPortrait UIInterfaceOrientationPortraitUpsideDown";
				IPHONEOS_DEPLOYMENT_TARGET = 17.6;
				LD_RUNPATH_SEARCH_PATHS = (
					"$(inherited)",
					"@executable_path/Frameworks",
				);
				MARKETING_VERSION = 2.0;
				PRODUCT_BUNDLE_IDENTIFIER = com.shaffex.boardingpassscanner;
				PRODUCT_NAME = "$(TARGET_NAME)";
				STRING_CATALOG_GENERATE_SYMBOLS = YES;
				SWIFT_APPROACHABLE_CONCURRENCY = YES;
				SWIFT_DEFAULT_ACTOR_ISOLATION = MainActor;
				SWIFT_EMIT_LOC_STRINGS = YES;
				SWIFT_UPCOMING_FEATURE_MEMBER_IMPORT_VISIBILITY = YES;
				SWIFT_VERSION = 5.0;
				TARGETED_DEVICE_FAMILY = "1,2";
			};
			name = Debug;
		};
		2FABFA292FAE284600A66D55 /* Release */ = {
			isa = XCBuildConfiguration;
			buildSettings = {
				ASSETCATALOG_COMPILER_APPICON_NAME = AppIcon;
				ASSETCATALOG_COMPILER_GLOBAL_ACCENT_COLOR_NAME = AccentColor;
				CODE_SIGN_ENTITLEMENTS = BoardingPassScanner2/BoardingPassScanner2.entitlements;
				CODE_SIGN_STYLE = Automatic;
				CURRENT_PROJECT_VERSION = 1;
				DEVELOPMENT_TEAM = X47885HM53;
				ENABLE_PREVIEWS = YES;
				GENERATE_INFOPLIST_FILE = YES;
				INFOPLIST_FILE = BoardingPassScanner2/Info.plist;
				INFOPLIST_KEY_ITSAppUsesNonExemptEncryption = NO;
				INFOPLIST_KEY_NSCameraUsageDescription = "This app needs camera access to scan boarding passes.";
				INFOPLIST_KEY_UIApplicationSceneManifest_Generation = YES;
				INFOPLIST_KEY_UIApplicationSupportsIndirectInputEvents = YES;
				INFOPLIST_KEY_UILaunchScreen_Generation = YES;
				INFOPLIST_KEY_UISupportedInterfaceOrientations = UIInterfaceOrientationPortrait;
				INFOPLIST_KEY_UISupportedInterfaceOrientations_iPad = "UIInterfaceOrientationLandscapeLeft UIInterfaceOrientationLandscapeRight UIInterfaceOrientationPortrait UIInterfaceOrientationPortraitUpsideDown";
				IPHONEOS_DEPLOYMENT_TARGET = 17.6;
				LD_RUNPATH_SEARCH_PATHS = (
					"$(inherited)",
					"@executable_path/Frameworks",
				);
				MARKETING_VERSION = 2.0;
				PRODUCT_BUNDLE_IDENTIFIER = com.shaffex.boardingpassscanner;
				PRODUCT_NAME = "$(TARGET_NAME)";
				STRING_CATALOG_GENERATE_SYMBOLS = YES;
				SWIFT_APPROACHABLE_CONCURRENCY = YES;
				SWIFT_DEFAULT_ACTOR_ISOLATION = MainActor;
				SWIFT_EMIT_LOC_STRINGS = YES;
				SWIFT_UPCOMING_FEATURE_MEMBER_IMPORT_VISIBILITY = YES;
				SWIFT_VERSION = 5.0;
				TARGETED_DEVICE_FAMILY = "1,2";
			};
			name = Release;
		};
		2FABFA2B2FAE284600A66D55 /* Debug */ = {
			isa = XCBuildConfiguration;
			buildSettings = {
				BUNDLE_LOADER = "$(TEST_HOST)";
				CODE_SIGN_STYLE = Automatic;
				CURRENT_PROJECT_VERSION = 1;
				DEVELOPMENT_TEAM = X47885HM53;
				GENERATE_INFOPLIST_FILE = YES;
				IPHONEOS_DEPLOYMENT_TARGET = 26.4;
				MARKETING_VERSION = 1.0;
				PRODUCT_BUNDLE_IDENTIFIER = com.shaffex.BoardingPassScanner2Tests;
				PRODUCT_NAME = "$(TARGET_NAME)";
				STRING_CATALOG_GENERATE_SYMBOLS = NO;
				SWIFT_APPROACHABLE_CONCURRENCY = YES;
				SWIFT_EMIT_LOC_STRINGS = NO;
				SWIFT_UPCOMING_FEATURE_MEMBER_IMPORT_VISIBILITY = YES;
				SWIFT_VERSION = 5.0;
				TARGETED_DEVICE_FAMILY = "1,2";
				TEST_HOST = "$(BUILT_PRODUCTS_DIR)/BoardingPassScanner2.app/$(BUNDLE_EXECUTABLE_FOLDER_PATH)/BoardingPassScanner2";
			};
			name = Debug;
		};
		2FABFA2C2FAE284600A66D55 /* Release */ = {
			isa = XCBuildConfiguration;
			buildSettings = {
				BUNDLE_LOADER = "$(TEST_HOST)";
				CODE_SIGN_STYLE = Automatic;
				CURRENT_PROJECT_VERSION = 1;
				DEVELOPMENT_TEAM = X47885HM53;
				GENERATE_INFOPLIST_FILE = YES;
				IPHONEOS_DEPLOYMENT_TARGET = 26.4;
				MARKETING_VERSION = 1.0;
				PRODUCT_BUNDLE_IDENTIFIER = com.shaffex.BoardingPassScanner2Tests;
				PRODUCT_NAME = "$(TARGET_NAME)";
				STRING_CATALOG_GENERATE_SYMBOLS = NO;
				SWIFT_APPROACHABLE_CONCURRENCY = YES;
				SWIFT_EMIT_LOC_STRINGS = NO;
				SWIFT_UPCOMING_FEATURE_MEMBER_IMPORT_VISIBILITY = YES;
				SWIFT_VERSION = 5.0;
				TARGETED_DEVICE_FAMILY = "1,2";
				TEST_HOST = "$(BUILT_PRODUCTS_DIR)/BoardingPassScanner2.app/$(BUNDLE_EXECUTABLE_FOLDER_PATH)/BoardingPassScanner2";
			};
			name = Release;
		};
		2FABFA2E2FAE284600A66D55 /* Debug */ = {
			isa = XCBuildConfiguration;
			buildSettings = {
				CODE_SIGN_STYLE = Automatic;
				CURRENT_PROJECT_VERSION = 1;
				DEVELOPMENT_TEAM = X47885HM53;
				GENERATE_INFOPLIST_FILE = YES;
				MARKETING_VERSION = 1.0;
				PRODUCT_BUNDLE_IDENTIFIER = com.shaffex.BoardingPassScanner2UITests;
				PRODUCT_NAME = "$(TARGET_NAME)";
				STRING_CATALOG_GENERATE_SYMBOLS = NO;
				SWIFT_APPROACHABLE_CONCURRENCY = YES;
				SWIFT_EMIT_LOC_STRINGS = NO;
				SWIFT_UPCOMING_FEATURE_MEMBER_IMPORT_VISIBILITY = YES;
				SWIFT_VERSION = 5.0;
				TARGETED_DEVICE_FAMILY = "1,2";
				TEST_TARGET_NAME = BoardingPassScanner2;
			};
			name = Debug;
		};
		2FABFA2F2FAE284600A66D55 /* Release */ = {
			isa = XCBuildConfiguration;
			buildSettings = {
				CODE_SIGN_STYLE = Automatic;
				CURRENT_PROJECT_VERSION = 1;
				DEVELOPMENT_TEAM = X47885HM53;
				GENERATE_INFOPLIST_FILE = YES;
				MARKETING_VERSION = 1.0;
				PRODUCT_BUNDLE_IDENTIFIER = com.shaffex.BoardingPassScanner2UITests;
				PRODUCT_NAME = "$(TARGET_NAME)";
				STRING_CATALOG_GENERATE_SYMBOLS = NO;
				SWIFT_APPROACHABLE_CONCURRENCY = YES;
				SWIFT_EMIT_LOC_STRINGS = NO;
				SWIFT_UPCOMING_FEATURE_MEMBER_IMPORT_VISIBILITY = YES;
				SWIFT_VERSION = 5.0;
				TARGETED_DEVICE_FAMILY = "1,2";
				TEST_TARGET_NAME = BoardingPassScanner2;
			};
			name = Release;
		};
/* End XCBuildConfiguration section */

/* Begin XCConfigurationList section */
		2FABFA012FAE284400A66D55 /* Build configuration list for PBXProject "BoardingPassScanner2" */ = {
			isa = XCConfigurationList;
			buildConfigurations = (
				2FABFA252FAE284600A66D55 /* Debug */,
				2FABFA262FAE284600A66D55 /* Release */,
			);
			defaultConfigurationIsVisible = 0;
			defaultConfigurationName = Release;
		};
		2FABFA272FAE284600A66D55 /* Build configuration list for PBXNativeTarget "BoardingPassScanner2" */ = {
			isa = XCConfigurationList;
			buildConfigurations = (
				2FABFA282FAE284600A66D55 /* Debug */,
				2FABFA292FAE284600A66D55 /* Release */,
			);
			defaultConfigurationIsVisible = 0;
			defaultConfigurationName = Release;
		};
		2FABFA2A2FAE284600A66D55 /* Build configuration list for PBXNativeTarget "BoardingPassScanner2Tests" */ = {
			isa = XCConfigurationList;
			buildConfigurations = (
				2FABFA2B2FAE284600A66D55 /* Debug */,
				2FABFA2C2FAE284600A66D55 /* Release */,
			);
			defaultConfigurationIsVisible = 0;
			defaultConfigurationName = Release;
		};
		2FABFA2D2FAE284600A66D55 /* Build configuration list for PBXNativeTarget "BoardingPassScanner2UITests" */ = {
			isa = XCConfigurationList;
			buildConfigurations = (
				2FABFA2E2FAE284600A66D55 /* Debug */,
				2FABFA2F2FAE284600A66D55 /* Release */,
			);
			defaultConfigurationIsVisible = 0;
			defaultConfigurationName = Release;
		};
/* End XCConfigurationList section */

/* Begin XCRemoteSwiftPackageReference section */
		2FABFA422FAE297200A66D55 /* XCRemoteSwiftPackageReference "magicui-framework-beta" */ = {
			isa = XCRemoteSwiftPackageReference;
			repositoryURL = "https://gitlab.com/peter.popovec/magicui-framework-beta";
			requirement = {
				branch = main;
				kind = branch;
			};
		};
/* End XCRemoteSwiftPackageReference section */

/* Begin XCSwiftPackageProductDependency section */
		2FABFA432FAE297200A66D55 /* MagicUi */ = {
			isa = XCSwiftPackageProductDependency;
			package = 2FABFA422FAE297200A66D55 /* XCRemoteSwiftPackageReference "magicui-framework-beta" */;
			productName = MagicUi;
		};
/* End XCSwiftPackageProductDependency section */
	};
	rootObject = 2FABF9FE2FAE284400A66D55 /* Project object */;
}
