{
  "originHash" : "d4fe7e748b65da5feb56c81ad596042bda6d6279cf2befad874eb7f994442778",
  "pins" : [
    {
      "identity" : "magicui-framework-beta",
      "kind" : "remoteSourceControl",
      "location" : "https://gitlab.com/peter.popovec/magicui-framework-beta",
      "state" : {
        "branch" : "main",
        "revision" : "db432ece1d0a23e73df6561cd9e3d410fc12be01"
      }
    },
    {
      "identity" : "swift-package-manager-google-mobile-ads",
      "kind" : "remoteSourceControl",
      "location" : "https://github.com/googleads/swift-package-manager-google-mobile-ads.git",
      "state" : {
        "revision" : "a81f522aa4f59c0d90ee523d703bd426d5b27a03",
        "version" : "13.4.0"
      }
    },
    {
      "identity" : "swift-package-manager-google-user-messaging-platform",
      "kind" : "remoteSourceControl",
      "location" : "https://github.com/googleads/swift-package-manager-google-user-messaging-platform.git",
      "state" : {
        "revision" : "708a282840c2171ee63bd93b87afa49fe507d70e",
        "version" : "2.7.0"
      }
    }
  ],
  "version" : 3
}
